// !$*UTF8*$!
{
	archiveVersion = 1;
	classes = {
	};
	objectVersion = 46;
	objects = {

/* Begin PBXBuildFile section */
		CFC02A5A19962DAB004FC23F /* Foundation.framework in Frameworks */ = {isa = PBXBuildFile; fileRef = CFC02A5919962DAB004FC23F /* Foundation.framework */; };
		CFC02A5C19962DAB004FC23F /* CoreGraphics.framework in Frameworks */ = {isa = PBXBuildFile; fileRef = CFC02A5B19962DAB004FC23F /* CoreGraphics.framework */; };
		CFC02A5E19962DAB004FC23F /* UIKit.framework in Frameworks */ = {isa = PBXBuildFile; fileRef = CFC02A5D19962DAB004FC23F /* UIKit.framework */; };
		CFC02A6419962DAB004FC23F /* InfoPlist.strings in Resources */ = {isa = PBXBuildFile; fileRef = CFC02A6219962DAB004FC23F /* InfoPlist.strings */; };
		CFC02A6619962DAB004FC23F /* main.m in Sources */ = {isa = PBXBuildFile; fileRef = CFC02A6519962DAB004FC23F /* main.m */; };
		CFC02A6A19962DAB004FC23F /* AppDelegate.m in Sources */ = {isa = PBXBuildFile; fileRef = CFC02A6919962DAB004FC23F /* AppDelegate.m */; };
		CFC02A6D19962DAB004FC23F /* Main_iPhone.storyboard in Resources */ = {isa = PBXBuildFile; fileRef = CFC02A6B19962DAB004FC23F /* Main_iPhone.storyboard */; };
		CFC02A7019962DAB004FC23F /* Main_iPad.storyboard in Resources */ = {isa = PBXBuildFile; fileRef = CFC02A6E19962DAB004FC23F /* Main_iPad.storyboard */; };
		CFC02A7319962DAB004FC23F /* ViewController.m in Sources */ = {isa = PBXBuildFile; fileRef = CFC02A7219962DAB004FC23F /* ViewController.m */; };
		CFC02A7519962DAB004FC23F /* Images.xcassets in Resources */ = {isa = PBXBuildFile; fileRef = CFC02A7419962DAB004FC23F /* Images.xcassets */; };
		CFC02A7C19962DAB004FC23F /* XCTest.framework in Frameworks */ = {isa = PBXBuildFile; fileRef = CFC02A7B19962DAB004FC23F /* XCTest.framework */; };
		CFC02A7D19962DAB004FC23F /* Foundation.framework in Frameworks */ = {isa = PBXBuildFile; fileRef = CFC02A5919962DAB004FC23F /* Foundation.framework */; };
		CFC02A7E19962DAB004FC23F /* UIKit.framework in Frameworks */ = {isa = PBXBuildFile; fileRef = CFC02A5D19962DAB004FC23F /* UIKit.framework */; };
		CFC02A8619962DAB004FC23F /* InfoPlist.strings in Resources */ = {isa = PBXBuildFile; fileRef = CFC02A8419962DAB004FC23F /* InfoPlist.strings */; };
		CFC02A8819962DAB004FC23F /* AlphaTouchTests.m in Sources */ = {isa = PBXBuildFile; fileRef = CFC02A8719962DAB004FC23F /* AlphaTouchTests.m */; };
/* End PBXBuildFile section */

/* Begin PBXContainerItemProxy section */
		CFC02A7F19962DAB004FC23F /* PBXContainerItemProxy */ = {
			isa = PBXContainerItemProxy;
			containerPortal = CFC02A4E19962DAB004FC23F /* Project object */;
			proxyType = 1;
			remoteGlobalIDString = CFC02A5519962DAB004FC23F;
			remoteInfo = AlphaTouch;
		};
/* End PBXContainerItemProxy section */

/* Begin PBXFileReference section */
		CFC02A5619962DAB004FC23F /* AlphaTouch.app */ = {isa = PBXFileReference; explicitFileType = wrapper.application; includeInIndex = 0; path = AlphaTouch.app; sourceTree = BUILT_PRODUCTS_DIR; };
		CFC02A5919962DAB004FC23F /* Foundation.framework */ = {isa = PBXFileReference; lastKnownFileType = wrapper.framework; name = Foundation.framework; path = System/Library/Frameworks/Foundation.framework; sourceTree = SDKROOT; };
		CFC02A5B19962DAB004FC23F /* CoreGraphics.framework */ = {isa = PBXFileReference; lastKnownFileType = wrapper.framework; name = CoreGraphics.framework; path = System/Library/Frameworks/CoreGraphics.framework; sourceTree = SDKROOT; };
		CFC02A5D19962DAB004FC23F /* UIKit.framework */ = {isa = PBXFileReference; lastKnownFileType = wrapper.framework; name = UIKit.framework; path = System/Library/Frameworks/UIKit.framework; sourceTree = SDKROOT; };
		CFC02A6119962DAB004FC23F /* AlphaTouch-Info.plist */ = {isa = PBXFileReference; lastKnownFileType = text.plist.xml; path = "AlphaTouch-Info.plist"; sourceTree = "<group>"; };
		CFC02A6319962DAB004FC23F /* en */ = {isa = PBXFileReference; lastKnownFileType = text.plist.strings; name = en; path = en.lproj/InfoPlist.strings; sourceTree = "<group>"; };
		CFC02A6519962DAB004FC23F /* main.m */ = {isa = PBXFileReference; lastKnownFileType = sourcecode.c.objc; path = main.m; sourceTree = "<group>"; };
		CFC02A6719962DAB004FC23F /* AlphaTouch-Prefix.pch */ = {isa = PBXFileReference; lastKnownFileType = sourcecode.c.h; path = "AlphaTouch-Prefix.pch"; sourceTree = "<group>"; };
		CFC02A6819962DAB004FC23F /* AppDelegate.h */ = {isa = PBXFileReference; lastKnownFileType = sourcecode.c.h; path = AppDelegate.h; sourceTree = "<group>"; };
		CFC02A6919962DAB004FC23F /* AppDelegate.m */ = {isa = PBXFileReference; lastKnownFileType = sourcecode.c.objc; path = AppDelegate.m; sourceTree = "<group>"; };
		CFC02A6C19962DAB004FC23F /* Base */ = {isa = PBXFileReference; lastKnownFileType = file.storyboard; name = Base; path = Base.lproj/Main_iPhone.storyboard; sourceTree = "<group>"; };
		CFC02A6F19962DAB004FC23F /* Base */ = {isa = PBXFileReference; lastKnownFileType = file.storyboard; name = Base; path = Base.lproj/Main_iPad.storyboard; sourceTree = "<group>"; };
		CFC02A7119962DAB004FC23F /* ViewController.h */ = {isa = PBXFileReference; lastKnownFileType = sourcecode.c.h; path = ViewController.h; sourceTree = "<group>"; };
		CFC02A7219962DAB004FC23F /* ViewController.m */ = {isa = PBXFileReference; lastKnownFileType = sourcecode.c.objc; path = ViewController.m; sourceTree = "<group>"; };
		CFC02A7419962DAB004FC23F /* Images.xcassets */ = {isa = PBXFileReference; lastKnownFileType = folder.assetcatalog; path = Images.xcassets; sourceTree = "<group>"; };
		CFC02A7A19962DAB004FC23F /* AlphaTouchTests.xctest */ = {isa = PBXFileReference; explicitFileType = wrapper.cfbundle; includeInIndex = 0; path = AlphaTouchTests.xctest; sourceTree = BUILT_PRODUCTS_DIR; };
		CFC02A7B19962DAB004FC23F /* XCTest.framework */ = {isa = PBXFileReference; lastKnownFileType = wrapper.framework; name = XCTest.framework; path = Library/Frameworks/XCTest.framework; sourceTree = DEVELOPER_DIR; };
		CFC02A8319962DAB004FC23F /* AlphaTouchTests-Info.plist */ = {isa = PBXFileReference; lastKnownFileType = text.plist.xml; path = "AlphaTouchTests-Info.plist"; sourceTree = "<group>"; };
		CFC02A8519962DAB004FC23F /* en */ = {isa = PBXFileReference; lastKnownFileType = text.plist.strings; name = en; path = en.lproj/InfoPlist.strings; sourceTree = "<group>"; };
		CFC02A8719962DAB004FC23F /* AlphaTouchTests.m */ = {isa = PBXFileReference; lastKnownFileType = sourcecode.c.objc; path = AlphaTouchTests.m; sourceTree = "<group>"; };
/* End PBXFileReference section */

/* Begin PBXFrameworksBuildPhase section */
		CFC02A5319962DAB004FC23F /* Frameworks */ = {
			isa = PBXFrameworksBuildPhase;
			buildActionMask = 2147483647;
			files = (
				CFC02A5C19962DAB004FC23F /* CoreGraphics.framework in Frameworks */,
				CFC02A5E19962DAB004FC23F /* UIKit.framework in Frameworks */,
				CFC02A5A19962DAB004FC23F /* Foundation.framework in Frameworks */,
			);
			runOnlyForDeploymentPostprocessing = 0;
		};
		CFC02A7719962DAB004FC23F /* Frameworks */ = {
			isa = PBXFrameworksBuildPhase;
			buildActionMask = 2147483647;
			files = (
				CFC02A7C19962DAB004FC23F /* XCTest.framework in Frameworks */,
				CFC02A7E19962DAB004FC23F /* UIKit.framework in Frameworks */,
				CFC02A7D19962DAB004FC23F /* Foundation.framework in Frameworks */,
			);
			runOnlyForDeploymentPostprocessing = 0;
		};
/* End PBXFrameworksBuildPhase section */

/* Begin PBXGroup section */
		CFC02A4D19962DAB004FC23F = {
			isa = PBXGroup;
			children = (
				CFC02A5F19962DAB004FC23F /* AlphaTouch */,
				CFC02A8119962DAB004FC23F /* AlphaTouchTests */,
				CFC02A5819962DAB004FC23F /* Frameworks */,
				CFC02A5719962DAB004FC23F /* Products */,
			);
			sourceTree = "<group>";
		};
		CFC02A5719962DAB004FC23F /* Products */ = {
			isa = PBXGroup;
			children = (
				CFC02A5619962DAB004FC23F /* AlphaTouch.app */,
				CFC02A7A19962DAB004FC23F /* AlphaTouchTests.xctest */,
			);
			name = Products;
			sourceTree = "<group>";
		};
		CFC02A5819962DAB004FC23F /* Frameworks */ = {
			isa = PBXGroup;
			children = (
				CFC02A5919962DAB004FC23F /* Foundation.framework */,
				CFC02A5B19962DAB004FC23F /* CoreGraphics.framework */,
				CFC02A5D19962DAB004FC23F /* UIKit.framework */,
				CFC02A7B19962DAB004FC23F /* XCTest.framework */,
			);
			name = Frameworks;
			sourceTree = "<group>";
		};
		CFC02A5F19962DAB004FC23F /* AlphaTouch */ = {
			isa = PBXGroup;
			children = (
				CFC02A6819962DAB004FC23F /* AppDelegate.h */,
				CFC02A6919962DAB004FC23F /* AppDelegate.m */,
				CFC02A6B19962DAB004FC23F /* Main_iPhone.storyboard */,
				CFC02A6E19962DAB004FC23F /* Main_iPad.storyboard */,
				CFC02A7119962DAB004FC23F /* ViewController.h */,
				CFC02A7219962DAB004FC23F /* ViewController.m */,
				CFC02A7419962DAB004FC23F /* Images.xcassets */,
				CFC02A6019962DAB004FC23F /* Supporting Files */,
			);
			path = AlphaTouch;
			sourceTree = "<group>";
		};
		CFC02A6019962DAB004FC23F /* Supporting Files */ = {
			isa = PBXGroup;
			children = (
				CFC02A6119962DAB004FC23F /* AlphaTouch-Info.plist */,
				CFC02A6219962DAB004FC23F /* InfoPlist.strings */,
				CFC02A6519962DAB004FC23F /* main.m */,
				CFC02A6719962DAB004FC23F /* AlphaTouch-Prefix.pch */,
			);
			name = "Supporting Files";
			sourceTree = "<group>";
		};
		CFC02A8119962DAB004FC23F /* AlphaTouchTests */ = {
			isa = PBXGroup;
			children = (
				CFC02A8719962DAB004FC23F /* AlphaTouchTests.m */,
				CFC02A8219962DAB004FC23F /* Supporting Files */,
			);
			path = AlphaTouchTests;
			sourceTree = "<group>";
		};
		CFC02A8219962DAB004FC23F /* Supporting Files */ = {
			isa = PBXGroup;
			children = (
				CFC02A8319962DAB004FC23F /* AlphaTouchTests-Info.plist */,
				CFC02A8419962DAB004FC23F /* InfoPlist.strings */,
			);
			name = "Supporting Files";
			sourceTree = "<group>";
		};
/* End PBXGroup section */

/* Begin PBXNativeTarget section */
		CFC02A5519962DAB004FC23F /* AlphaTouch */ = {
			isa = PBXNativeTarget;
			buildConfigurationList = CFC02A8B19962DAB004FC23F /* Build configuration list for PBXNativeTarget "AlphaTouch" */;
			buildPhases = (
				CFC02A5219962DAB004FC23F /* Sources */,
				CFC02A5319962DAB004FC23F /* Frameworks */,
				CFC02A5419962DAB004FC23F /* Resources */,
			);
			buildRules = (
			);
			dependencies = (
			);
			name = AlphaTouch;
			productName = AlphaTouch;
			productReference = CFC02A5619962DAB004FC23F /* AlphaTouch.app */;
			productType = "com.apple.product-type.application";
		};
		CFC02A7919962DAB004FC23F /* AlphaTouchTests */ = {
			isa = PBXNativeTarget;
			buildConfigurationList = CFC02A8E19962DAB004FC23F /* Build configuration list for PBXNativeTarget "AlphaTouchTests" */;
			buildPhases = (
				CFC02A7619962DAB004FC23F /* Sources */,
				CFC02A7719962DAB004FC23F /* Frameworks */,
				CFC02A7819962DAB004FC23F /* Resources */,
			);
			buildRules = (
			);
			dependencies = (
				CFC02A8019962DAB004FC23F /* PBXTargetDependency */,
			);
			name = AlphaTouchTests;
			productName = AlphaTouchTests;
			productReference = CFC02A7A19962DAB004FC23F /* AlphaTouchTests.xctest */;
			productType = "com.apple.product-type.bundle.unit-test";
		};
/* End PBXNativeTarget section */

/* Begin PBXProject section */
		CFC02A4E19962DAB004FC23F /* Project object */ = {
			isa = PBXProject;
			attributes = {
				LastUpgradeCheck = 0510;
				ORGANIZATIONNAME = "Joao Medrado";
				TargetAttributes = {
					CFC02A7919962DAB004FC23F = {
						TestTargetID = CFC02A5519962DAB004FC23F;
					};
				};
			};
			buildConfigurationList = CFC02A5119962DAB004FC23F /* Build configuration list for PBXProject "AlphaTouch" */;
			compatibilityVersion = "Xcode 3.2";
			developmentRegion = English;
			hasScannedForEncodings = 0;
			knownRegions = (
				en,
				Base,
			);
			mainGroup = CFC02A4D19962DAB004FC23F;
			productRefGroup = CFC02A5719962DAB004FC23F /* Products */;
			projectDirPath = "";
			projectRoot = "";
			targets = (
				CFC02A5519962DAB004FC23F /* AlphaTouch */,
				CFC02A7919962DAB004FC23F /* AlphaTouchTests */,
			);
		};
/* End PBXProject section */

/* Begin PBXResourcesBuildPhase section */
		CFC02A5419962DAB004FC23F /* Resources */ = {
			isa = PBXResourcesBuildPhase;
			buildActionMask = 2147483647;
			files = (
				CFC02A7019962DAB004FC23F /* Main_iPad.storyboard in Resources */,
				CFC02A7519962DAB004FC23F /* Images.xcassets in Resources */,
				CFC02A6D19962DAB004FC23F /* Main_iPhone.storyboard in Resources */,
				CFC02A6419962DAB004FC23F /* InfoPlist.strings in Resources */,
			);
			runOnlyForDeploymentPostprocessing = 0;
		};
		CFC02A7819962DAB004FC23F /* Resources */ = {
			isa = PBXResourcesBuildPhase;
			buildActionMask = 2147483647;
			files = (
				CFC02A8619962DAB004FC23F /* InfoPlist.strings in Resources */,
			);
			runOnlyForDeploymentPostprocessing = 0;
		};
/* End PBXResourcesBuildPhase section */

/* Begin PBXSourcesBuildPhase section */
		CFC02A5219962DAB004FC23F /* Sources */ = {
			isa = PBXSourcesBuildPhase;
			buildActionMask = 2147483647;
			files = (
				CFC02A7319962DAB004FC23F /* ViewController.m in Sources */,
				CFC02A6A19962DAB004FC23F /* AppDelegate.m in Sources */,
				CFC02A6619962DAB004FC23F /* main.m in Sources */,
			);
			runOnlyForDeploymentPostprocessing = 0;
		};
		CFC02A7619962DAB004FC23F /* Sources */ = {
			isa = PBXSourcesBuildPhase;
			buildActionMask = 2147483647;
			files = (
				CFC02A8819962DAB004FC23F /* AlphaTouchTests.m in Sources */,
			);
			runOnlyForDeploymentPostprocessing = 0;
		};
/* End PBXSourcesBuildPhase section */

/* Begin PBXTargetDependency section */
		CFC02A8019962DAB004FC23F /* PBXTargetDependency */ = {
			isa = PBXTargetDependency;
			target = CFC02A5519962DAB004FC23F /* AlphaTouch */;
			targetProxy = CFC02A7F19962DAB004FC23F /* PBXContainerItemProxy */;
		};
/* End PBXTargetDependency section */

/* Begin PBXVariantGroup section */
		CFC02A6219962DAB004FC23F /* InfoPlist.strings */ = {
			isa = PBXVariantGroup;
			children = (
				CFC02A6319962DAB004FC23F /* en */,
			);
			name = InfoPlist.strings;
			sourceTree = "<group>";
		};
		CFC02A6B19962DAB004FC23F /* Main_iPhone.storyboard */ = {
			isa = PBXVariantGroup;
			children = (
				CFC02A6C19962DAB004FC23F /* Base */,
			);
			name = Main_iPhone.storyboard;
			sourceTree = "<group>";
		};
		CFC02A6E19962DAB004FC23F /* Main_iPad.storyboard */ = {
			isa = PBXVariantGroup;
			children = (
				CFC02A6F19962DAB004FC23F /* Base */,
			);
			name = Main_iPad.storyboard;
			sourceTree = "<group>";
		};
		CFC02A8419962DAB004FC23F /* InfoPlist.strings */ = {
			isa = PBXVariantGroup;
			children = (
				CFC02A8519962DAB004FC23F /* en */,
			);
			name = InfoPlist.strings;
			sourceTree = "<group>";
		};
/* End PBXVariantGroup section */

/* Begin XCBuildConfiguration section */
		CFC02A8919962DAB004FC23F /* Debug */ = {
			isa = XCBuildConfiguration;
			buildSettings = {
				ALWAYS_SEARCH_USER_PATHS = NO;
				CLANG_CXX_LANGUAGE_STANDARD = "gnu++0x";
				CLANG_CXX_LIBRARY = "libc++";
				CLANG_ENABLE_MODULES = YES;
				CLANG_ENABLE_OBJC_ARC = YES;
				CLANG_WARN_BOOL_CONVERSION = YES;
				CLANG_WARN_CONSTANT_CONVERSION = YES;
				CLANG_WARN_DIRECT_OBJC_ISA_USAGE = YES_ERROR;
				CLANG_WARN_EMPTY_BODY = YES;
				CLANG_WARN_ENUM_CONVERSION = YES;
				CLANG_WARN_INT_CONVERSION = YES;
				CLANG_WARN_OBJC_ROOT_CLASS = YES_ERROR;
				CLANG_WARN__DUPLICATE_METHOD_MATCH = YES;
				"CODE_SIGN_IDENTITY[sdk=iphoneos*]" = "iPhone Developer";
				COPY_PHASE_STRIP = NO;
				GCC_C_LANGUAGE_STANDARD = gnu99;
				GCC_DYNAMIC_NO_PIC = NO;
				GCC_OPTIMIZATION_LEVEL = 0;
				GCC_PREPROCESSOR_DEFINITIONS = (
					"DEBUG=1",
					"$(inherited)",
				);
				GCC_SYMBOLS_PRIVATE_EXTERN = NO;
				GCC_WARN_64_TO_32_BIT_CONVERSION = YES;
				GCC_WARN_ABOUT_RETURN_TYPE = YES_ERROR;
				GCC_WARN_UNDECLARED_SELECTOR = YES;
				GCC_WARN_UNINITIALIZED_AUTOS = YES_AGGRESSIVE;
				GCC_WARN_UNUSED_FUNCTION = YES;
				GCC_WARN_UNUSED_VARIABLE = YES;
				IPHONEOS_DEPLOYMENT_TARGET = 7.1;
				ONLY_ACTIVE_ARCH = YES;
				SDKROOT = iphoneos;
				TARGETED_DEVICE_FAMILY = "1,2";
			};
			name = Debug;
		};
		CFC02A8A19962DAB004FC23F /* Release */ = {
			isa = XCBuildConfiguration;
			buildSettings = {
				ALWAYS_SEARCH_USER_PATHS = NO;
				CLANG_CXX_LANGUAGE_STANDARD = "gnu++0x";
				CLANG_CXX_LIBRARY = "libc++";
				CLANG_ENABLE_MODULES = YES;
				CLANG_ENABLE_OBJC_ARC = YES;
				CLANG_WARN_BOOL_CONVERSION = YES;
				CLANG_WARN_CONSTANT_CONVERSION = YES;
				CLANG_WARN_DIRECT_OBJC_ISA_USAGE = YES_ERROR;
				CLANG_WARN_EMPTY_BODY = YES;
				CLANG_WARN_ENUM_CONVERSION = YES;
				CLANG_WARN_INT_CONVERSION = YES;
				CLANG_WARN_OBJC_ROOT_CLASS = YES_ERROR;
				CLANG_WARN__DUPLICATE_METHOD_MATCH = YES;
				"CODE_SIGN_IDENTITY[sdk=iphoneos*]" = "iPhone Developer";
				COPY_PHASE_STRIP = YES;
				ENABLE_NS_ASSERTIONS = NO;
				GCC_C_LANGUAGE_STANDARD = gnu99;
				GCC_WARN_64_TO_32_BIT_CONVERSION = YES;
				GCC_WARN_ABOUT_RETURN_TYPE = YES_ERROR;
				GCC_WARN_UNDECLARED_SELECTOR = YES;
				GCC_WARN_UNINITIALIZED_AUTOS = YES_AGGRESSIVE;
				GCC_WARN_UNUSED_FUNCTION = YES;
				GCC_WARN_UNUSED_VARIABLE = YES;
				IPHONEOS_DEPLOYMENT_TARGET = 7.1;
				SDKROOT = iphoneos;
				TARGETED_DEVICE_FAMILY = "1,2";
				VALIDATE_PRODUCT = YES;
			};
			name = Release;
		};
		CFC02A8C19962DAB004FC23F /* Debug */ = {
			isa = XCBuildConfiguration;
			buildSettings = {
				ASSETCATALOG_COMPILER_APPICON_NAME = AppIcon;
				ASSETCATALOG_COMPILER_LAUNCHIMAGE_NAME = LaunchImage;
				GCC_PRECOMPILE_PREFIX_HEADER = YES;
				GCC_PREFIX_HEADER = "AlphaTouch/AlphaTouch-Prefix.pch";
				INFOPLIST_FILE = "AlphaTouch/AlphaTouch-Info.plist";
				PRODUCT_NAME = "$(TARGET_NAME)";
				WRAPPER_EXTENSION = app;
			};
			name = Debug;
		};
		CFC02A8D19962DAB004FC23F /* Release */ = {
			isa = XCBuildConfiguration;
			buildSettings = {
				ASSETCATALOG_COMPILER_APPICON_NAME = AppIcon;
				ASSETCATALOG_COMPILER_LAUNCHIMAGE_NAME = LaunchImage;
				GCC_PRECOMPILE_PREFIX_HEADER = YES;
				GCC_PREFIX_HEADER = "AlphaTouch/AlphaTouch-Prefix.pch";
				INFOPLIST_FILE = "AlphaTouch/AlphaTouch-Info.plist";
				PRODUCT_NAME = "$(TARGET_NAME)";
				WRAPPER_EXTENSION = app;
			};
			name = Release;
		};
		CFC02A8F19962DAB004FC23F /* Debug */ = {
			isa = XCBuildConfiguration;
			buildSettings = {
				BUNDLE_LOADER = "$(BUILT_PRODUCTS_DIR)/AlphaTouch.app/AlphaTouch";
				FRAMEWORK_SEARCH_PATHS = (
					"$(SDKROOT)/Developer/Library/Frameworks",
					"$(inherited)",
					"$(DEVELOPER_FRAMEWORKS_DIR)",
				);
				GCC_PRECOMPILE_PREFIX_HEADER = YES;
				GCC_PREFIX_HEADER = "AlphaTouch/AlphaTouch-Prefix.pch";
				GCC_PREPROCESSOR_DEFINITIONS = (
					"DEBUG=1",
					"$(inherited)",
				);
				INFOPLIST_FILE = "AlphaTouchTests/AlphaTouchTests-Info.plist";
				PRODUCT_NAME = "$(TARGET_NAME)";
				TEST_HOST = "$(BUNDLE_LOADER)";
				WRAPPER_EXTENSION = xctest;
			};
			name = Debug;
		};
		CFC02A9019962DAB004FC23F /* Release */ = {
			isa = XCBuildConfiguration;
			buildSettings = {
				BUNDLE_LOADER = "$(BUILT_PRODUCTS_DIR)/AlphaTouch.app/AlphaTouch";
				FRAMEWORK_SEARCH_PATHS = (
					"$(SDKROOT)/Developer/Library/Frameworks",
					"$(inherited)",
					"$(DEVELOPER_FRAMEWORKS_DIR)",
				);
				GCC_PRECOMPILE_PREFIX_HEADER = YES;
				GCC_PREFIX_HEADER = "AlphaTouch/AlphaTouch-Prefix.pch";
				INFOPLIST_FILE = "AlphaTouchTests/AlphaTouchTests-Info.plist";
				PRODUCT_NAME = "$(TARGET_NAME)";
				TEST_HOST = "$(BUNDLE_LOADER)";
				WRAPPER_EXTENSION = xctest;
			};
			name = Release;
		};
/* End XCBuildConfiguration section */

/* Begin XCConfigurationList section */
		CFC02A5119962DAB004FC23F /* Build configuration list for PBXProject "AlphaTouch" */ = {
			isa = XCConfigurationList;
			buildConfigurations = (
				CFC02A8919962DAB004FC23F /* Debug */,
				CFC02A8A19962DAB004FC23F /* Release */,
			);
			defaultConfigurationIsVisible = 0;
			defaultConfigurationName = Release;
		};
		CFC02A8B19962DAB004FC23F /* Build configuration list for PBXNativeTarget "AlphaTouch" */ = {
			isa = XCConfigurationList;
			buildConfigurations = (
				CFC02A8C19962DAB004FC23F /* Debug */,
				CFC02A8D19962DAB004FC23F /* Release */,
			);
			defaultConfigurationIsVisible = 0;
		};
		CFC02A8E19962DAB004FC23F /* Build configuration list for PBXNativeTarget "AlphaTouchTests" */ = {
			isa = XCConfigurationList;
			buildConfigurations = (
				CFC02A8F19962DAB004FC23F /* Debug */,
				CFC02A9019962DAB004FC23F /* Release */,
			);
			defaultConfigurationIsVisible = 0;
		};
/* End XCConfigurationList section */
	};
	rootObject = CFC02A4E19962DAB004FC23F /* Project object */;
}
